schema: '2.0'
stages:
  phonemize:
    cmd: python src/phonemize.py --inp data/manifests/en/clean.jsonl --out 
      data/manifests/en/phon.jsonl
    deps:
    - path: data/manifests/en/clean.jsonl
      hash: md5
      md5: 705bf8ba113cd201f35db08251359c79
      size: 4999
    - path: src/phonemize.py
      hash: md5
      md5: 81e26a4111ce816125bf2852e8b6f99d
      size: 641
    outs:
    - path: data/manifests/en/phon.jsonl
      hash: md5
      md5: 0220be2a39f8c318364fbeed5d787772
      size: 10453
  noise10:
    cmd: python src/add_noise.py --inp data/manifests/en/phon.jsonl --out 
      data/manifests/en/noisy_10.jsonl --noise data/noise/white.wav --snr 10
    deps:
    - path: data/manifests/en/phon.jsonl
      hash: md5
      md5: 0220be2a39f8c318364fbeed5d787772
      size: 10453
    - path: data/noise/white.wav
      hash: md5
      md5: eb1b21dc0153f7b9da5b2e2147da0f39
      size: 1920044
    - path: src/add_noise.py
      hash: md5
      md5: 385aec27024363c6b99d9c2bf305b335
      size: 1379
    outs:
    - path: data/manifests/en/noisy_10.jsonl
      hash: md5
      md5: a195a3ffee1bf4c77339df0c193229bc
      size: 10653
  eval10:
    cmd: python src/eval_per.py --inp data/manifests/en/hyp_10.jsonl --out 
      metrics/per_10.json
    deps:
    - path: data/manifests/en/hyp_10.jsonl
      hash: md5
      md5: c15a524c708adef06fa371e94521948a
      size: 10951
    - path: src/eval_per.py
      hash: md5
      md5: 6095bfdd337d4b8c928f34e1caf8492f
      size: 503
    outs:
    - path: metrics/per_10.json
      hash: md5
      md5: 190e55050e19c5ca5c8bdd3e7e186a9e
      size: 36
  plot10:
    cmd: python src/plot_per.py --inp metrics/per_10.json --out 
      figs/per_vs_noise.png --snr 10
    deps:
    - path: metrics/per_10.json
      hash: md5
      md5: 190e55050e19c5ca5c8bdd3e7e186a9e
      size: 36
    - path: src/plot_per.py
      hash: md5
      md5: 9a7a10f2681c265b5984b9aa6406ba12
      size: 542
    outs:
    - path: figs/per_vs_noise.png
      hash: md5
      md5: bf26a070433c8522098fdf4035519553
      size: 14231
